Microsoft Visual Studio Solution File, Format Version 11.00
# Visual Studio 2008

Project("{E030C5A5-5EC5-99C7-956E-D48D83442900}") = "HauntedGallery", "Assembly-CSharp-firstpass.csproj", "{660E0D3F-A021-40AC-5FFD-F7D513BE50B3}"
EndProject
Project("{E030C5A5-5EC5-99C7-956E-D48D83442900}") = "HauntedGallery", "Assembly-CSharp.csproj", "{FAADB79A-9CF4-F347-27F6-1FF5E82325FD}"
EndProject
Project("{E030C5A5-5EC5-99C7-956E-D48D83442900}") = "HauntedGallery", "Assembly-CSharp-Editor.csproj", "{750CA0FA-45A2-704A-0B7F-340C07F007C0}"
EndProject
Project("{E030C5A5-5EC5-99C7-956E-D48D83442900}") = "HauntedGallery", "Assembly-UnityScript-firstpass.unityproj", "{FA04C103-10AA-6A7B-E3E6-291912C6024E}"
EndProject
Global
	GlobalSection(SolutionConfigurationPlatforms) = preSolution
		Debug|Any CPU = Debug|Any CPU
		Release|Any CPU = Release|Any CPU
	EndGlobalSection
	GlobalSection(ProjectConfigurationPlatforms) = postSolution
		{660E0D3F-A021-40AC-5FFD-F7D513BE50B3}.Debug|Any CPU.ActiveCfg = Debug|Any CPU
		{660E0D3F-A021-40AC-5FFD-F7D513BE50B3}.Debug|Any CPU.Build.0 = Debug|Any CPU
		{660E0D3F-A021-40AC-5FFD-F7D513BE50B3}.Release|Any CPU.ActiveCfg = Release|Any CPU
		{660E0D3F-A021-40AC-5FFD-F7D513BE50B3}.Release|Any CPU.Build.0 = Release|Any CPU
		{FAADB79A-9CF4-F347-27F6-1FF5E82325FD}.Debug|Any CPU.ActiveCfg = Debug|Any CPU
		{FAADB79A-9CF4-F347-27F6-1FF5E82325FD}.Debug|Any CPU.Build.0 = Debug|Any CPU
		{FAADB79A-9CF4-F347-27F6-1FF5E82325FD}.Release|Any CPU.ActiveCfg = Release|Any CPU
		{FAADB79A-9CF4-F347-27F6-1FF5E82325FD}.Release|Any CPU.Build.0 = Release|Any CPU
		{750CA0FA-45A2-704A-0B7F-340C07F007C0}.Debug|Any CPU.ActiveCfg = Debug|Any CPU
		{750CA0FA-45A2-704A-0B7F-340C07F007C0}.Debug|Any CPU.Build.0 = Debug|Any CPU
		{750CA0FA-45A2-704A-0B7F-340C07F007C0}.Release|Any CPU.ActiveCfg = Release|Any CPU
		{750CA0FA-45A2-704A-0B7F-340C07F007C0}.Release|Any CPU.Build.0 = Release|Any CPU
		{FA04C103-10AA-6A7B-E3E6-291912C6024E}.Debug|Any CPU.ActiveCfg = Debug|Any CPU
		{FA04C103-10AA-6A7B-E3E6-291912C6024E}.Debug|Any CPU.Build.0 = Debug|Any CPU
		{FA04C103-10AA-6A7B-E3E6-291912C6024E}.Release|Any CPU.ActiveCfg = Release|Any CPU
		{FA04C103-10AA-6A7B-E3E6-291912C6024E}.Release|Any CPU.Build.0 = Release|Any CPU
	EndGlobalSection
	GlobalSection(SolutionProperties) = preSolution
		HideSolutionNode = FALSE
	EndGlobalSection
									GlobalSection(MonoDevelopProperties) = preSolution
		StartupItem = Assembly-CSharp.csproj
		Policies = $0
		$0.TextStylePolicy = $1
		$1.inheritsSet = null
		$1.scope = text/x-csharp
		$0.CSharpFormattingPolicy = $2
		$2.inheritsSet = Mono
		$2.inheritsScope = text/x-csharp
		$2.scope = text/x-csharp
		$0.TextStylePolicy = $3
		$3.FileWidth = 120
		$3.TabWidth = 4
		$3.IndentWidth = 4
		$3.EolMarker = Unix
		$3.inheritsSet = Mono
		$3.inheritsScope = text/plain
		$3.scope = text/plain
	EndGlobalSection

EndGlobal
